
Microsoft Visual Studio Solution File, Format Version 12.00
# Visual Studio Version 16
VisualStudioVersion = 16.0.31313.79
MinimumVisualStudioVersion = 10.0.40219.1
Project("{FAE04EC0-301F-11D3-BF4B-00C04F79EFBC}") = "2048", "2048\2048.csproj", "{850DBC3A-887E-47A4-8F95-C6D150ED562F}"
EndProject
Global
	GlobalSection(SolutionConfigurationPlatforms) = preSolution
		Debug|Any CPU = Debug|Any CPU
		Release|Any CPU = Release|Any CPU
	EndGlobalSection
	GlobalSection(ProjectConfigurationPlatforms) = postSolution
		{850DBC3A-887E-47A4-8F95-C6D150ED562F}.Debug|Any CPU.ActiveCfg = Debug|Any CPU
		{850DBC3A-887E-47A4-8F95-C6D150ED562F}.Debug|Any CPU.Build.0 = Debug|Any CPU
		{850DBC3A-887E-47A4-8F95-C6D150ED562F}.Release|Any CPU.ActiveCfg = Release|Any CPU
		{850DBC3A-887E-47A4-8F95-C6D150ED562F}.Release|Any CPU.Build.0 = Release|Any CPU
	EndGlobalSection
	GlobalSection(SolutionProperties) = preSolution
		HideSolutionNode = FALSE
	EndGlobalSection
	GlobalSection(ExtensibilityGlobals) = postSolution
		SolutionGuid = {E4ACA125-D1EC-4D07-A650-461EE6924572}
	EndGlobalSection
EndGlobal
